
Microsoft Visual Studio Solution File, Format Version 11.00
# Visual Studio 2010
Project("{FAE04EC0-301F-11D3-BF4B-00C04F79EFBC}") = "DevicesScene", "Assembly-CSharp.csproj", "{C596CD5F-7FAC-9FAE-B77C-3F305186A514}"
EndProject
Project("{FAE04EC0-301F-11D3-BF4B-00C04F79EFBC}") = "DevicesScene", "Assembly-CSharp-Editor.csproj", "{D9D277A3-D809-B6C0-F492-4440EC62ABCF}"
EndProject
Global
	GlobalSection(SolutionConfigurationPlatforms) = preSolution
		Debug|Any CPU = Debug|Any CPU
		Release|Any CPU = Release|Any CPU
	EndGlobalSection
	GlobalSection(ProjectConfigurationPlatforms) = postSolution
		{C596CD5F-7FAC-9FAE-B77C-3F305186A514}.Debug|Any CPU.ActiveCfg = Debug|Any CPU
		{C596CD5F-7FAC-9FAE-B77C-3F305186A514}.Debug|Any CPU.Build.0 = Debug|Any CPU
		{C596CD5F-7FAC-9FAE-B77C-3F305186A514}.Release|Any CPU.ActiveCfg = Release|Any CPU
		{C596CD5F-7FAC-9FAE-B77C-3F305186A514}.Release|Any CPU.Build.0 = Release|Any CPU
		{D9D277A3-D809-B6C0-F492-4440EC62ABCF}.Debug|Any CPU.ActiveCfg = Debug|Any CPU
		{D9D277A3-D809-B6C0-F492-4440EC62ABCF}.Debug|Any CPU.Build.0 = Debug|Any CPU
		{D9D277A3-D809-B6C0-F492-4440EC62ABCF}.Release|Any CPU.ActiveCfg = Release|Any CPU
		{D9D277A3-D809-B6C0-F492-4440EC62ABCF}.Release|Any CPU.Build.0 = Release|Any CPU
	EndGlobalSection
	GlobalSection(SolutionProperties) = preSolution
		HideSolutionNode = FALSE
	EndGlobalSection
	GlobalSection(MonoDevelopProperties) = preSolution
		StartupItem = Assembly-CSharp.csproj
	EndGlobalSection
EndGlobal
