// !$*UTF8*$!
{
	archiveVersion = 1;
	classes = {
	};
	objectVersion = 46;
	objects = {

/* Begin PBXBuildFile section */
		1005B8DC1ECB47CD00414F8E /* EditRoomTableView.swift in Sources */ = {isa = PBXBuildFile; fileRef = 1005B8DA1ECB47CD00414F8E /* EditRoomTableView.swift */; };
		1005B8E31ECB7C5B00414F8E /* UnassignedControlCollection.swift in Sources */ = {isa = PBXBuildFile; fileRef = 1005B8E21ECB7C5B00414F8E /* UnassignedControlCollection.swift */; };
		1005B8E51ECC8C9900414F8E /* VertexEditCell.swift in Sources */ = {isa = PBXBuildFile; fileRef = 1005B8E41ECC8C9900414F8E /* VertexEditCell.swift */; };
		1005B8E71ECDB99100414F8E /* GroupCollectionView.swift in Sources */ = {isa = PBXBuildFile; fileRef = 1005B8E61ECDB99100414F8E /* GroupCollectionView.swift */; };
		1005B8E91ECE2A0C00414F8E /* GroupControlEdit.swift in Sources */ = {isa = PBXBuildFile; fileRef = 1005B8E81ECE2A0C00414F8E /* GroupControlEdit.swift */; };
		1005B8EB1ECE2A8A00414F8E /* UIUtilities.swift in Sources */ = {isa = PBXBuildFile; fileRef = 1005B8EA1ECE2A8A00414F8E /* UIUtilities.swift */; };
		100821FC1EC49BDF0079E6F5 /* PlacesView.swift in Sources */ = {isa = PBXBuildFile; fileRef = 100821FB1EC49BDF0079E6F5 /* PlacesView.swift */; };
		101D2F631EA968230074D807 /* AppDelegate.swift in Sources */ = {isa = PBXBuildFile; fileRef = 101D2F621EA968230074D807 /* AppDelegate.swift */; };
		101D2F6B1EA968230074D807 /* mobile_ios.xcdatamodeld in Sources */ = {isa = PBXBuildFile; fileRef = 101D2F691EA968230074D807 /* mobile_ios.xcdatamodeld */; };
		101D2F7B1EA968230074D807 /* mobile_iosTests.swift in Sources */ = {isa = PBXBuildFile; fileRef = 101D2F7A1EA968230074D807 /* mobile_iosTests.swift */; };
		101D2F861EA968230074D807 /* mobile_iosUITests.swift in Sources */ = {isa = PBXBuildFile; fileRef = 101D2F851EA968230074D807 /* mobile_iosUITests.swift */; };
		101D2F941EA97DD90074D807 /* Assets.xcassets in Resources */ = {isa = PBXBuildFile; fileRef = 101D2F6C1EA968230074D807 /* Assets.xcassets */; };
		103FE2851EC373830033D021 /* DeviceSummaryView.swift in Sources */ = {isa = PBXBuildFile; fileRef = 103FE2841EC373830033D021 /* DeviceSummaryView.swift */; };
		103FE2891EC3AF5F0033D021 /* HeepObjects.swift in Sources */ = {isa = PBXBuildFile; fileRef = 103FE2881EC3AF5F0033D021 /* HeepObjects.swift */; };
		103FE28A1EC3AF5F0033D021 /* HeepObjects.swift in Sources */ = {isa = PBXBuildFile; fileRef = 103FE2881EC3AF5F0033D021 /* HeepObjects.swift */; };
		103FE28B1EC3AF5F0033D021 /* HeepObjects.swift in Sources */ = {isa = PBXBuildFile; fileRef = 103FE2881EC3AF5F0033D021 /* HeepObjects.swift */; };
		104C18111EC8FA0C000A75D7 /* Utilities.swift in Sources */ = {isa = PBXBuildFile; fileRef = 104C18101EC8FA0C000A75D7 /* Utilities.swift */; };
		70DC641C8DFD5145B3E2F178 /* Pods_mobile_iosUITests.framework in Frameworks */ = {isa = PBXBuildFile; fileRef = 9455865AC2AC2771C588F666 /* Pods_mobile_iosUITests.framework */; };
		AFBAEC1B382B06E54E70DAC7 /* Pods_mobile_iosTests.framework in Frameworks */ = {isa = PBXBuildFile; fileRef = 629528E8C86E48C60E29C454 /* Pods_mobile_iosTests.framework */; };
		B010B6011F01428D00363CAB /* AccountView.swift in Sources */ = {isa = PBXBuildFile; fileRef = B010B6001F01428D00363CAB /* AccountView.swift */; };
		B010B6051F0448A200363CAB /* AccountUtilities.swift in Sources */ = {isa = PBXBuildFile; fileRef = B010B6041F0448A200363CAB /* AccountUtilities.swift */; };
		B010B6071F057C0B00363CAB /* PermissionUtilities.swift in Sources */ = {isa = PBXBuildFile; fileRef = B010B6061F057C0B00363CAB /* PermissionUtilities.swift */; };
		B010B6091F06D9CC00363CAB /* UserSearch.swift in Sources */ = {isa = PBXBuildFile; fileRef = B010B6081F06D9CA00363CAB /* UserSearch.swift */; };
		B06DE4431EEA2B2E00680A35 /* Security.framework in Frameworks */ = {isa = PBXBuildFile; fileRef = B06DE4421EEA2B2E00680A35 /* Security.framework */; };
		B0DAF1871F32899F00A2CA69 /* FirebaseAuth.swift in Sources */ = {isa = PBXBuildFile; fileRef = B0DAF1861F32899F00A2CA69 /* FirebaseAuth.swift */; };
		B0DAF18B1F32922800A2CA69 /* GoogleService-Info.plist in Resources */ = {isa = PBXBuildFile; fileRef = B0DAF18A1F32922800A2CA69 /* GoogleService-Info.plist */; };
		B0F6B8421F06EEF40054E07D /* UserCard.swift in Sources */ = {isa = PBXBuildFile; fileRef = B0F6B8411F06EEF40054E07D /* UserCard.swift */; };
		D7A8C048C69A2C379A20948F /* Pods_mobile_ios.framework in Frameworks */ = {isa = PBXBuildFile; fileRef = 321E9915FF90A4E39B163211 /* Pods_mobile_ios.framework */; };
		E7ACBFC81EE4BE1400EFB21E /* HeepBeacon.swift in Sources */ = {isa = PBXBuildFile; fileRef = E7ACBFC71EE4BE1400EFB21E /* HeepBeacon.swift */; };
		EEA944211EAA7D880022588B /* HAPIMemoryParser.swift in Sources */ = {isa = PBXBuildFile; fileRef = EEA944201EAA7D880022588B /* HAPIMemoryParser.swift */; };
		EEA944231EAA93950022588B /* HeepConnections.swift in Sources */ = {isa = PBXBuildFile; fileRef = EEA944221EAA93950022588B /* HeepConnections.swift */; };
		EEA944271EAA9EF40022588B /* DeviceTableView.swift in Sources */ = {isa = PBXBuildFile; fileRef = EEA944261EAA9EF40022588B /* DeviceTableView.swift */; };
/* End PBXBuildFile section */

/* Begin PBXContainerItemProxy section */
		101D2F771EA968230074D807 /* PBXContainerItemProxy */ = {
			isa = PBXContainerItemProxy;
			containerPortal = 101D2F571EA968230074D807 /* Project object */;
			proxyType = 1;
			remoteGlobalIDString = 101D2F5E1EA968230074D807;
			remoteInfo = mobile_ios;
		};
		101D2F821EA968230074D807 /* PBXContainerItemProxy */ = {
			isa = PBXContainerItemProxy;
			containerPortal = 101D2F571EA968230074D807 /* Project object */;
			proxyType = 1;
			remoteGlobalIDString = 101D2F5E1EA968230074D807;
			remoteInfo = mobile_ios;
		};
/* End PBXContainerItemProxy section */

/* Begin PBXFileReference section */
		04FE62370CD9FBCA0A3E91F8 /* Pods-mobile_iosTests.release.xcconfig */ = {isa = PBXFileReference; includeInIndex = 1; lastKnownFileType = text.xcconfig; name = "Pods-mobile_iosTests.release.xcconfig"; path = "Pods/Target Support Files/Pods-mobile_iosTests/Pods-mobile_iosTests.release.xcconfig"; sourceTree = "<group>"; };
		1005B8DA1ECB47CD00414F8E /* EditRoomTableView.swift */ = {isa = PBXFileReference; fileEncoding = 4; lastKnownFileType = sourcecode.swift; path = EditRoomTableView.swift; sourceTree = "<group>"; };
		1005B8E21ECB7C5B00414F8E /* UnassignedControlCollection.swift */ = {isa = PBXFileReference; fileEncoding = 4; lastKnownFileType = sourcecode.swift; path = UnassignedControlCollection.swift; sourceTree = "<group>"; };
		1005B8E41ECC8C9900414F8E /* VertexEditCell.swift */ = {isa = PBXFileReference; fileEncoding = 4; lastKnownFileType = sourcecode.swift; path = VertexEditCell.swift; sourceTree = "<group>"; };
		1005B8E61ECDB99100414F8E /* GroupCollectionView.swift */ = {isa = PBXFileReference; fileEncoding = 4; lastKnownFileType = sourcecode.swift; path = GroupCollectionView.swift; sourceTree = "<group>"; };
		1005B8E81ECE2A0C00414F8E /* GroupControlEdit.swift */ = {isa = PBXFileReference; fileEncoding = 4; lastKnownFileType = sourcecode.swift; path = GroupControlEdit.swift; sourceTree = "<group>"; };
		1005B8EA1ECE2A8A00414F8E /* UIUtilities.swift */ = {isa = PBXFileReference; fileEncoding = 4; lastKnownFileType = sourcecode.swift; path = UIUtilities.swift; sourceTree = "<group>"; };
		100821FB1EC49BDF0079E6F5 /* PlacesView.swift */ = {isa = PBXFileReference; fileEncoding = 4; lastKnownFileType = sourcecode.swift; path = PlacesView.swift; sourceTree = "<group>"; };
		101D2F5F1EA968230074D807 /* mobile_ios.app */ = {isa = PBXFileReference; explicitFileType = wrapper.application; includeInIndex = 0; path = mobile_ios.app; sourceTree = BUILT_PRODUCTS_DIR; };
		101D2F621EA968230074D807 /* AppDelegate.swift */ = {isa = PBXFileReference; lastKnownFileType = sourcecode.swift; path = AppDelegate.swift; sourceTree = "<group>"; };
		101D2F6A1EA968230074D807 /* mobile_ios.xcdatamodel */ = {isa = PBXFileReference; lastKnownFileType = wrapper.xcdatamodel; path = mobile_ios.xcdatamodel; sourceTree = "<group>"; };
		101D2F6C1EA968230074D807 /* Assets.xcassets */ = {isa = PBXFileReference; lastKnownFileType = folder.assetcatalog; name = Assets.xcassets; path = mobile_ios/Assets.xcassets; sourceTree = SOURCE_ROOT; };
		101D2F711EA968230074D807 /* Info.plist */ = {isa = PBXFileReference; lastKnownFileType = text.plist.xml; path = Info.plist; sourceTree = "<group>"; };
		101D2F761EA968230074D807 /* mobile_iosTests.xctest */ = {isa = PBXFileReference; explicitFileType = wrapper.cfbundle; includeInIndex = 0; path = mobile_iosTests.xctest; sourceTree = BUILT_PRODUCTS_DIR; };
		101D2F7A1EA968230074D807 /* mobile_iosTests.swift */ = {isa = PBXFileReference; lastKnownFileType = sourcecode.swift; path = mobile_iosTests.swift; sourceTree = "<group>"; };
		101D2F7C1EA968230074D807 /* Info.plist */ = {isa = PBXFileReference; lastKnownFileType = text.plist.xml; path = Info.plist; sourceTree = "<group>"; };
		101D2F811EA968230074D807 /* mobile_iosUITests.xctest */ = {isa = PBXFileReference; explicitFileType = wrapper.cfbundle; includeInIndex = 0; path = mobile_iosUITests.xctest; sourceTree = BUILT_PRODUCTS_DIR; };
		101D2F851EA968230074D807 /* mobile_iosUITests.swift */ = {isa = PBXFileReference; lastKnownFileType = sourcecode.swift; path = mobile_iosUITests.swift; sourceTree = "<group>"; };
		101D2F871EA968230074D807 /* Info.plist */ = {isa = PBXFileReference; lastKnownFileType = text.plist.xml; path = Info.plist; sourceTree = "<group>"; };
		103FE2841EC373830033D021 /* DeviceSummaryView.swift */ = {isa = PBXFileReference; fileEncoding = 4; lastKnownFileType = sourcecode.swift; path = DeviceSummaryView.swift; sourceTree = "<group>"; };
		103FE2881EC3AF5F0033D021 /* HeepObjects.swift */ = {isa = PBXFileReference; fileEncoding = 4; lastKnownFileType = sourcecode.swift; path = HeepObjects.swift; sourceTree = "<group>"; };
		104C18101EC8FA0C000A75D7 /* Utilities.swift */ = {isa = PBXFileReference; fileEncoding = 4; lastKnownFileType = sourcecode.swift; path = Utilities.swift; sourceTree = "<group>"; };
		1067B93C1EACE35D00E7607E /* BridgingHeader.h */ = {isa = PBXFileReference; fileEncoding = 4; lastKnownFileType = sourcecode.c.h; path = BridgingHeader.h; sourceTree = "<group>"; };
		321E9915FF90A4E39B163211 /* Pods_mobile_ios.framework */ = {isa = PBXFileReference; explicitFileType = wrapper.framework; includeInIndex = 0; path = Pods_mobile_ios.framework; sourceTree = BUILT_PRODUCTS_DIR; };
		56DF998DD6BBA1F02CEFEE2E /* Pods-mobile_ios.debug.xcconfig */ = {isa = PBXFileReference; includeInIndex = 1; lastKnownFileType = text.xcconfig; name = "Pods-mobile_ios.debug.xcconfig"; path = "Pods/Target Support Files/Pods-mobile_ios/Pods-mobile_ios.debug.xcconfig"; sourceTree = "<group>"; };
		629528E8C86E48C60E29C454 /* Pods_mobile_iosTests.framework */ = {isa = PBXFileReference; explicitFileType = wrapper.framework; includeInIndex = 0; path = Pods_mobile_iosTests.framework; sourceTree = BUILT_PRODUCTS_DIR; };
		76BE85D99FD14F073F5556A1 /* Pods-mobile_iosUITests.release.xcconfig */ = {isa = PBXFileReference; includeInIndex = 1; lastKnownFileType = text.xcconfig; name = "Pods-mobile_iosUITests.release.xcconfig"; path = "Pods/Target Support Files/Pods-mobile_iosUITests/Pods-mobile_iosUITests.release.xcconfig"; sourceTree = "<group>"; };
		9455865AC2AC2771C588F666 /* Pods_mobile_iosUITests.framework */ = {isa = PBXFileReference; explicitFileType = wrapper.framework; includeInIndex = 0; path = Pods_mobile_iosUITests.framework; sourceTree = BUILT_PRODUCTS_DIR; };
		B010B6001F01428D00363CAB /* AccountView.swift */ = {isa = PBXFileReference; fileEncoding = 4; lastKnownFileType = sourcecode.swift; path = AccountView.swift; sourceTree = "<group>"; };
		B010B6041F0448A200363CAB /* AccountUtilities.swift */ = {isa = PBXFileReference; fileEncoding = 4; lastKnownFileType = sourcecode.swift; path = AccountUtilities.swift; sourceTree = "<group>"; };
		B010B6061F057C0B00363CAB /* PermissionUtilities.swift */ = {isa = PBXFileReference; fileEncoding = 4; lastKnownFileType = sourcecode.swift; path = PermissionUtilities.swift; sourceTree = "<group>"; };
		B010B6081F06D9CA00363CAB /* UserSearch.swift */ = {isa = PBXFileReference; fileEncoding = 4; lastKnownFileType = sourcecode.swift; path = UserSearch.swift; sourceTree = "<group>"; };
		B06DE4421EEA2B2E00680A35 /* Security.framework */ = {isa = PBXFileReference; lastKnownFileType = wrapper.framework; name = Security.framework; path = System/Library/Frameworks/Security.framework; sourceTree = SDKROOT; };
		B0DAF1861F32899F00A2CA69 /* FirebaseAuth.swift */ = {isa = PBXFileReference; fileEncoding = 4; lastKnownFileType = sourcecode.swift; path = FirebaseAuth.swift; sourceTree = "<group>"; };
		B0DAF18A1F32922800A2CA69 /* GoogleService-Info.plist */ = {isa = PBXFileReference; fileEncoding = 4; lastKnownFileType = text.plist.xml; name = "GoogleService-Info.plist"; path = "../../GoogleService-Info.plist"; sourceTree = "<group>"; };
		B0F6B8411F06EEF40054E07D /* UserCard.swift */ = {isa = PBXFileReference; fileEncoding = 4; lastKnownFileType = sourcecode.swift; path = UserCard.swift; sourceTree = "<group>"; };
		B7918E77C7C5DB9DEBC8629A /* Pods-mobile_iosUITests.debug.xcconfig */ = {isa = PBXFileReference; includeInIndex = 1; lastKnownFileType = text.xcconfig; name = "Pods-mobile_iosUITests.debug.xcconfig"; path = "Pods/Target Support Files/Pods-mobile_iosUITests/Pods-mobile_iosUITests.debug.xcconfig"; sourceTree = "<group>"; };
		E1962A9C5DE87696544789AE /* Pods-mobile_iosTests.debug.xcconfig */ = {isa = PBXFileReference; includeInIndex = 1; lastKnownFileType = text.xcconfig; name = "Pods-mobile_iosTests.debug.xcconfig"; path = "Pods/Target Support Files/Pods-mobile_iosTests/Pods-mobile_iosTests.debug.xcconfig"; sourceTree = "<group>"; };
		E4A427428745AEB7A4877647 /* Pods-mobile_ios.release.xcconfig */ = {isa = PBXFileReference; includeInIndex = 1; lastKnownFileType = text.xcconfig; name = "Pods-mobile_ios.release.xcconfig"; path = "Pods/Target Support Files/Pods-mobile_ios/Pods-mobile_ios.release.xcconfig"; sourceTree = "<group>"; };
		E7ACBFC71EE4BE1400EFB21E /* HeepBeacon.swift */ = {isa = PBXFileReference; fileEncoding = 4; lastKnownFileType = sourcecode.swift; path = HeepBeacon.swift; sourceTree = "<group>"; };
		EEA944201EAA7D880022588B /* HAPIMemoryParser.swift */ = {isa = PBXFileReference; fileEncoding = 4; lastKnownFileType = sourcecode.swift; path = HAPIMemoryParser.swift; sourceTree = "<group>"; };
		EEA944221EAA93950022588B /* HeepConnections.swift */ = {isa = PBXFileReference; fileEncoding = 4; lastKnownFileType = sourcecode.swift; path = HeepConnections.swift; sourceTree = "<group>"; };
		EEA944261EAA9EF40022588B /* DeviceTableView.swift */ = {isa = PBXFileReference; fileEncoding = 4; lastKnownFileType = sourcecode.swift; path = DeviceTableView.swift; sourceTree = "<group>"; };
/* End PBXFileReference section */

/* Begin PBXFrameworksBuildPhase section */
		101D2F5C1EA968230074D807 /* Frameworks */ = {
			isa = PBXFrameworksBuildPhase;
			buildActionMask = 2147483647;
			files = (
				B06DE4431EEA2B2E00680A35 /* Security.framework in Frameworks */,
				D7A8C048C69A2C379A20948F /* Pods_mobile_ios.framework in Frameworks */,
			);
			runOnlyForDeploymentPostprocessing = 0;
		};
		101D2F731EA968230074D807 /* Frameworks */ = {
			isa = PBXFrameworksBuildPhase;
			buildActionMask = 2147483647;
			files = (
				AFBAEC1B382B06E54E70DAC7 /* Pods_mobile_iosTests.framework in Frameworks */,
			);
			runOnlyForDeploymentPostprocessing = 0;
		};
		101D2F7E1EA968230074D807 /* Frameworks */ = {
			isa = PBXFrameworksBuildPhase;
			buildActionMask = 2147483647;
			files = (
				70DC641C8DFD5145B3E2F178 /* Pods_mobile_iosUITests.framework in Frameworks */,
			);
			runOnlyForDeploymentPostprocessing = 0;
		};
/* End PBXFrameworksBuildPhase section */

/* Begin PBXGroup section */
		101D2F561EA968230074D807 = {
			isa = PBXGroup;
			children = (
				101D2F611EA968230074D807 /* mobile_ios */,
				101D2F791EA968230074D807 /* mobile_iosTests */,
				101D2F841EA968230074D807 /* mobile_iosUITests */,
				101D2F601EA968230074D807 /* Products */,
				D35703960979F8725A949584 /* Pods */,
				A0A3D89C112B1587508A369D /* Frameworks */,
			);
			sourceTree = "<group>";
		};
		101D2F601EA968230074D807 /* Products */ = {
			isa = PBXGroup;
			children = (
				101D2F5F1EA968230074D807 /* mobile_ios.app */,
				101D2F761EA968230074D807 /* mobile_iosTests.xctest */,
				101D2F811EA968230074D807 /* mobile_iosUITests.xctest */,
			);
			name = Products;
			sourceTree = "<group>";
		};
		101D2F611EA968230074D807 /* mobile_ios */ = {
			isa = PBXGroup;
			children = (
				101D2F621EA968230074D807 /* AppDelegate.swift */,
				100821FB1EC49BDF0079E6F5 /* PlacesView.swift */,
				B010B6001F01428D00363CAB /* AccountView.swift */,
				1005B8E61ECDB99100414F8E /* GroupCollectionView.swift */,
				1005B8DA1ECB47CD00414F8E /* EditRoomTableView.swift */,
				1005B8E21ECB7C5B00414F8E /* UnassignedControlCollection.swift */,
				1005B8E41ECC8C9900414F8E /* VertexEditCell.swift */,
				1005B8E81ECE2A0C00414F8E /* GroupControlEdit.swift */,
				EEA944221EAA93950022588B /* HeepConnections.swift */,
				EEA944201EAA7D880022588B /* HAPIMemoryParser.swift */,
				E7ACBFC71EE4BE1400EFB21E /* HeepBeacon.swift */,
				EEA944261EAA9EF40022588B /* DeviceTableView.swift */,
				103FE2841EC373830033D021 /* DeviceSummaryView.swift */,
				B010B6081F06D9CA00363CAB /* UserSearch.swift */,
				B0F6B8411F06EEF40054E07D /* UserCard.swift */,
				103FE2881EC3AF5F0033D021 /* HeepObjects.swift */,
				101D2F6C1EA968230074D807 /* Assets.xcassets */,
				104C18101EC8FA0C000A75D7 /* Utilities.swift */,
				B010B6041F0448A200363CAB /* AccountUtilities.swift */,
				1005B8EA1ECE2A8A00414F8E /* UIUtilities.swift */,
				B010B6061F057C0B00363CAB /* PermissionUtilities.swift */,
				101D2F711EA968230074D807 /* Info.plist */,
				B0DAF18A1F32922800A2CA69 /* GoogleService-Info.plist */,
				1067B93C1EACE35D00E7607E /* BridgingHeader.h */,
				101D2F691EA968230074D807 /* mobile_ios.xcdatamodeld */,
				B0DAF1861F32899F00A2CA69 /* FirebaseAuth.swift */,
			);
			path = mobile_ios;
			sourceTree = "<group>";
		};
		101D2F791EA968230074D807 /* mobile_iosTests */ = {
			isa = PBXGroup;
			children = (
				101D2F7A1EA968230074D807 /* mobile_iosTests.swift */,
				101D2F7C1EA968230074D807 /* Info.plist */,
			);
			path = mobile_iosTests;
			sourceTree = "<group>";
		};
		101D2F841EA968230074D807 /* mobile_iosUITests */ = {
			isa = PBXGroup;
			children = (
				101D2F851EA968230074D807 /* mobile_iosUITests.swift */,
				101D2F871EA968230074D807 /* Info.plist */,
			);
			path = mobile_iosUITests;
			sourceTree = "<group>";
		};
		A0A3D89C112B1587508A369D /* Frameworks */ = {
			isa = PBXGroup;
			children = (
				B06DE4421EEA2B2E00680A35 /* Security.framework */,
				321E9915FF90A4E39B163211 /* Pods_mobile_ios.framework */,
				629528E8C86E48C60E29C454 /* Pods_mobile_iosTests.framework */,
				9455865AC2AC2771C588F666 /* Pods_mobile_iosUITests.framework */,
			);
			name = Frameworks;
			sourceTree = "<group>";
		};
		D35703960979F8725A949584 /* Pods */ = {
			isa = PBXGroup;
			children = (
				56DF998DD6BBA1F02CEFEE2E /* Pods-mobile_ios.debug.xcconfig */,
				E4A427428745AEB7A4877647 /* Pods-mobile_ios.release.xcconfig */,
				E1962A9C5DE87696544789AE /* Pods-mobile_iosTests.debug.xcconfig */,
				04FE62370CD9FBCA0A3E91F8 /* Pods-mobile_iosTests.release.xcconfig */,
				B7918E77C7C5DB9DEBC8629A /* Pods-mobile_iosUITests.debug.xcconfig */,
				76BE85D99FD14F073F5556A1 /* Pods-mobile_iosUITests.release.xcconfig */,
			);
			name = Pods;
			sourceTree = "<group>";
		};
/* End PBXGroup section */

/* Begin PBXNativeTarget section */
		101D2F5E1EA968230074D807 /* mobile_ios */ = {
			isa = PBXNativeTarget;
			buildConfigurationList = 101D2F8A1EA968230074D807 /* Build configuration list for PBXNativeTarget "mobile_ios" */;
			buildPhases = (
				B6267BAA1D1F1CF45A1CB30C /* [CP] Check Pods Manifest.lock */,
				101D2F5B1EA968230074D807 /* Sources */,
				101D2F5C1EA968230074D807 /* Frameworks */,
				101D2F5D1EA968230074D807 /* Resources */,
				643C949B39EBDA6C2FFFA3C4 /* [CP] Embed Pods Frameworks */,
				B85C082486A6FE84091DF53B /* [CP] Copy Pods Resources */,
			);
			buildRules = (
			);
			dependencies = (
			);
			name = mobile_ios;
			productName = mobile_ios;
			productReference = 101D2F5F1EA968230074D807 /* mobile_ios.app */;
			productType = "com.apple.product-type.application";
		};
		101D2F751EA968230074D807 /* mobile_iosTests */ = {
			isa = PBXNativeTarget;
			buildConfigurationList = 101D2F8D1EA968230074D807 /* Build configuration list for PBXNativeTarget "mobile_iosTests" */;
			buildPhases = (
				1915116B659AE194B00D4C73 /* [CP] Check Pods Manifest.lock */,
				101D2F721EA968230074D807 /* Sources */,
				101D2F731EA968230074D807 /* Frameworks */,
				101D2F741EA968230074D807 /* Resources */,
				380461D1A9D60CE5E0D03172 /* [CP] Embed Pods Frameworks */,
				79D40BEE4F8B0297B731A09F /* [CP] Copy Pods Resources */,
			);
			buildRules = (
			);
			dependencies = (
				101D2F781EA968230074D807 /* PBXTargetDependency */,
			);
			name = mobile_iosTests;
			productName = mobile_iosTests;
			productReference = 101D2F761EA968230074D807 /* mobile_iosTests.xctest */;
			productType = "com.apple.product-type.bundle.unit-test";
		};
		101D2F801EA968230074D807 /* mobile_iosUITests */ = {
			isa = PBXNativeTarget;
			buildConfigurationList = 101D2F901EA968230074D807 /* Build configuration list for PBXNativeTarget "mobile_iosUITests" */;
			buildPhases = (
				A842E60ABEF7EF3B5C20B428 /* [CP] Check Pods Manifest.lock */,
				101D2F7D1EA968230074D807 /* Sources */,
				101D2F7E1EA968230074D807 /* Frameworks */,
				101D2F7F1EA968230074D807 /* Resources */,
				A29EE81EFBD08547A4F842C5 /* [CP] Embed Pods Frameworks */,
				E5D0E14F66AC2713FF43411B /* [CP] Copy Pods Resources */,
			);
			buildRules = (
			);
			dependencies = (
				101D2F831EA968230074D807 /* PBXTargetDependency */,
			);
			name = mobile_iosUITests;
			productName = mobile_iosUITests;
			productReference = 101D2F811EA968230074D807 /* mobile_iosUITests.xctest */;
			productType = "com.apple.product-type.bundle.ui-testing";
		};
/* End PBXNativeTarget section */

/* Begin PBXProject section */
		101D2F571EA968230074D807 /* Project object */ = {
			isa = PBXProject;
			attributes = {
				LastSwiftUpdateCheck = 0830;
				LastUpgradeCheck = 0830;
				ORGANIZATIONNAME = Heep;
				TargetAttributes = {
					101D2F5E1EA968230074D807 = {
						CreatedOnToolsVersion = 8.3.1;
						DevelopmentTeam = 6494UP82R2;
						ProvisioningStyle = Automatic;
					};
					101D2F751EA968230074D807 = {
						CreatedOnToolsVersion = 8.3.1;
						DevelopmentTeam = WKVKE7H364;
						ProvisioningStyle = Manual;
						TestTargetID = 101D2F5E1EA968230074D807;
					};
					101D2F801EA968230074D807 = {
						CreatedOnToolsVersion = 8.3.1;
						ProvisioningStyle = Automatic;
						TestTargetID = 101D2F5E1EA968230074D807;
					};
				};
			};
			buildConfigurationList = 101D2F5A1EA968230074D807 /* Build configuration list for PBXProject "mobile_ios" */;
			compatibilityVersion = "Xcode 3.2";
			developmentRegion = English;
			hasScannedForEncodings = 0;
			knownRegions = (
				en,
				Base,
			);
			mainGroup = 101D2F561EA968230074D807;
			productRefGroup = 101D2F601EA968230074D807 /* Products */;
			projectDirPath = "";
			projectRoot = "";
			targets = (
				101D2F5E1EA968230074D807 /* mobile_ios */,
				101D2F751EA968230074D807 /* mobile_iosTests */,
				101D2F801EA968230074D807 /* mobile_iosUITests */,
			);
		};
/* End PBXProject section */

/* Begin PBXResourcesBuildPhase section */
		101D2F5D1EA968230074D807 /* Resources */ = {
			isa = PBXResourcesBuildPhase;
			buildActionMask = 2147483647;
			files = (
				101D2F941EA97DD90074D807 /* Assets.xcassets in Resources */,
				B0DAF18B1F32922800A2CA69 /* GoogleService-Info.plist in Resources */,
			);
			runOnlyForDeploymentPostprocessing = 0;
		};
		101D2F741EA968230074D807 /* Resources */ = {
			isa = PBXResourcesBuildPhase;
			buildActionMask = 2147483647;
			files = (
			);
			runOnlyForDeploymentPostprocessing = 0;
		};
		101D2F7F1EA968230074D807 /* Resources */ = {
			isa = PBXResourcesBuildPhase;
			buildActionMask = 2147483647;
			files = (
			);
			runOnlyForDeploymentPostprocessing = 0;
		};
/* End PBXResourcesBuildPhase section */

/* Begin PBXShellScriptBuildPhase section */
		1915116B659AE194B00D4C73 /* [CP] Check Pods Manifest.lock */ = {
			isa = PBXShellScriptBuildPhase;
			buildActionMask = 2147483647;
			files = (
			);
			inputPaths = (
			);
			name = "[CP] Check Pods Manifest.lock";
			outputPaths = (
			);
			runOnlyForDeploymentPostprocessing = 0;
			shellPath = /bin/sh;
			shellScript = "diff \"${PODS_PODFILE_DIR_PATH}/Podfile.lock\" \"${PODS_ROOT}/Manifest.lock\" > /dev/null\nif [ $? != 0 ] ; then\n    # print error to STDERR\n    echo \"error: The sandbox is not in sync with the Podfile.lock. Run 'pod install' or update your CocoaPods installation.\" >&2\n    exit 1\nfi\n";
			showEnvVarsInLog = 0;
		};
		380461D1A9D60CE5E0D03172 /* [CP] Embed Pods Frameworks */ = {
			isa = PBXShellScriptBuildPhase;
			buildActionMask = 2147483647;
			files = (
			);
			inputPaths = (
			);
			name = "[CP] Embed Pods Frameworks";
			outputPaths = (
			);
			runOnlyForDeploymentPostprocessing = 0;
			shellPath = /bin/sh;
			shellScript = "\"${SRCROOT}/Pods/Target Support Files/Pods-mobile_iosTests/Pods-mobile_iosTests-frameworks.sh\"\n";
			showEnvVarsInLog = 0;
		};
		643C949B39EBDA6C2FFFA3C4 /* [CP] Embed Pods Frameworks */ = {
			isa = PBXShellScriptBuildPhase;
			buildActionMask = 2147483647;
			files = (
			);
			inputPaths = (
			);
			name = "[CP] Embed Pods Frameworks";
			outputPaths = (
			);
			runOnlyForDeploymentPostprocessing = 0;
			shellPath = /bin/sh;
			shellScript = "\"${SRCROOT}/Pods/Target Support Files/Pods-mobile_ios/Pods-mobile_ios-frameworks.sh\"\n";
			showEnvVarsInLog = 0;
		};
		79D40BEE4F8B0297B731A09F /* [CP] Copy Pods Resources */ = {
			isa = PBXShellScriptBuildPhase;
			buildActionMask = 2147483647;
			files = (
			);
			inputPaths = (
			);
			name = "[CP] Copy Pods Resources";
			outputPaths = (
			);
			runOnlyForDeploymentPostprocessing = 0;
			shellPath = /bin/sh;
			shellScript = "\"${SRCROOT}/Pods/Target Support Files/Pods-mobile_iosTests/Pods-mobile_iosTests-resources.sh\"\n";
			showEnvVarsInLog = 0;
		};
		A29EE81EFBD08547A4F842C5 /* [CP] Embed Pods Frameworks */ = {
			isa = PBXShellScriptBuildPhase;
			buildActionMask = 2147483647;
			files = (
			);
			inputPaths = (
			);
			name = "[CP] Embed Pods Frameworks";
			outputPaths = (
			);
			runOnlyForDeploymentPostprocessing = 0;
			shellPath = /bin/sh;
			shellScript = "\"${SRCROOT}/Pods/Target Support Files/Pods-mobile_iosUITests/Pods-mobile_iosUITests-frameworks.sh\"\n";
			showEnvVarsInLog = 0;
		};
		A842E60ABEF7EF3B5C20B428 /* [CP] Check Pods Manifest.lock */ = {
			isa = PBXShellScriptBuildPhase;
			buildActionMask = 2147483647;
			files = (
			);
			inputPaths = (
			);
			name = "[CP] Check Pods Manifest.lock";
			outputPaths = (
			);
			runOnlyForDeploymentPostprocessing = 0;
			shellPath = /bin/sh;
			shellScript = "diff \"${PODS_PODFILE_DIR_PATH}/Podfile.lock\" \"${PODS_ROOT}/Manifest.lock\" > /dev/null\nif [ $? != 0 ] ; then\n    # print error to STDERR\n    echo \"error: The sandbox is not in sync with the Podfile.lock. Run 'pod install' or update your CocoaPods installation.\" >&2\n    exit 1\nfi\n";
			showEnvVarsInLog = 0;
		};
		B6267BAA1D1F1CF45A1CB30C /* [CP] Check Pods Manifest.lock */ = {
			isa = PBXShellScriptBuildPhase;
			buildActionMask = 2147483647;
			files = (
			);
			inputPaths = (
			);
			name = "[CP] Check Pods Manifest.lock";
			outputPaths = (
			);
			runOnlyForDeploymentPostprocessing = 0;
			shellPath = /bin/sh;
			shellScript = "diff \"${PODS_PODFILE_DIR_PATH}/Podfile.lock\" \"${PODS_ROOT}/Manifest.lock\" > /dev/null\nif [ $? != 0 ] ; then\n    # print error to STDERR\n    echo \"error: The sandbox is not in sync with the Podfile.lock. Run 'pod install' or update your CocoaPods installation.\" >&2\n    exit 1\nfi\n";
			showEnvVarsInLog = 0;
		};
		B85C082486A6FE84091DF53B /* [CP] Copy Pods Resources */ = {
			isa = PBXShellScriptBuildPhase;
			buildActionMask = 2147483647;
			files = (
			);
			inputPaths = (
			);
			name = "[CP] Copy Pods Resources";
			outputPaths = (
			);
			runOnlyForDeploymentPostprocessing = 0;
			shellPath = /bin/sh;
			shellScript = "\"${SRCROOT}/Pods/Target Support Files/Pods-mobile_ios/Pods-mobile_ios-resources.sh\"\n";
			showEnvVarsInLog = 0;
		};
		E5D0E14F66AC2713FF43411B /* [CP] Copy Pods Resources */ = {
			isa = PBXShellScriptBuildPhase;
			buildActionMask = 2147483647;
			files = (
			);
			inputPaths = (
			);
			name = "[CP] Copy Pods Resources";
			outputPaths = (
			);
			runOnlyForDeploymentPostprocessing = 0;
			shellPath = /bin/sh;
			shellScript = "\"${SRCROOT}/Pods/Target Support Files/Pods-mobile_iosUITests/Pods-mobile_iosUITests-resources.sh\"\n";
			showEnvVarsInLog = 0;
		};
/* End PBXShellScriptBuildPhase section */

/* Begin PBXSourcesBuildPhase section */
		101D2F5B1EA968230074D807 /* Sources */ = {
			isa = PBXSourcesBuildPhase;
			buildActionMask = 2147483647;
			files = (
				B0DAF1871F32899F00A2CA69 /* FirebaseAuth.swift in Sources */,
				1005B8E51ECC8C9900414F8E /* VertexEditCell.swift in Sources */,
				1005B8E31ECB7C5B00414F8E /* UnassignedControlCollection.swift in Sources */,
				B010B6091F06D9CC00363CAB /* UserSearch.swift in Sources */,
				E7ACBFC81EE4BE1400EFB21E /* HeepBeacon.swift in Sources */,
				B010B6071F057C0B00363CAB /* PermissionUtilities.swift in Sources */,
				EEA944271EAA9EF40022588B /* DeviceTableView.swift in Sources */,
				EEA944211EAA7D880022588B /* HAPIMemoryParser.swift in Sources */,
				1005B8EB1ECE2A8A00414F8E /* UIUtilities.swift in Sources */,
				104C18111EC8FA0C000A75D7 /* Utilities.swift in Sources */,
				101D2F6B1EA968230074D807 /* mobile_ios.xcdatamodeld in Sources */,
				100821FC1EC49BDF0079E6F5 /* PlacesView.swift in Sources */,
				1005B8DC1ECB47CD00414F8E /* EditRoomTableView.swift in Sources */,
				B010B6051F0448A200363CAB /* AccountUtilities.swift in Sources */,
				103FE2851EC373830033D021 /* DeviceSummaryView.swift in Sources */,
				EEA944231EAA93950022588B /* HeepConnections.swift in Sources */,
				1005B8E71ECDB99100414F8E /* GroupCollectionView.swift in Sources */,
				B010B6011F01428D00363CAB /* AccountView.swift in Sources */,
				101D2F631EA968230074D807 /* AppDelegate.swift in Sources */,
				1005B8E91ECE2A0C00414F8E /* GroupControlEdit.swift in Sources */,
				B0F6B8421F06EEF40054E07D /* UserCard.swift in Sources */,
				103FE2891EC3AF5F0033D021 /* HeepObjects.swift in Sources */,
			);
			runOnlyForDeploymentPostprocessing = 0;
		};
		101D2F721EA968230074D807 /* Sources */ = {
			isa = PBXSourcesBuildPhase;
			buildActionMask = 2147483647;
			files = (
				103FE28A1EC3AF5F0033D021 /* HeepObjects.swift in Sources */,
				101D2F7B1EA968230074D807 /* mobile_iosTests.swift in Sources */,
			);
			runOnlyForDeploymentPostprocessing = 0;
		};
		101D2F7D1EA968230074D807 /* Sources */ = {
			isa = PBXSourcesBuildPhase;
			buildActionMask = 2147483647;
			files = (
				101D2F861EA968230074D807 /* mobile_iosUITests.swift in Sources */,
				103FE28B1EC3AF5F0033D021 /* HeepObjects.swift in Sources */,
			);
			runOnlyForDeploymentPostprocessing = 0;
		};
/* End PBXSourcesBuildPhase section */

/* Begin PBXTargetDependency section */
		101D2F781EA968230074D807 /* PBXTargetDependency */ = {
			isa = PBXTargetDependency;
			target = 101D2F5E1EA968230074D807 /* mobile_ios */;
			targetProxy = 101D2F771EA968230074D807 /* PBXContainerItemProxy */;
		};
		101D2F831EA968230074D807 /* PBXTargetDependency */ = {
			isa = PBXTargetDependency;
			target = 101D2F5E1EA968230074D807 /* mobile_ios */;
			targetProxy = 101D2F821EA968230074D807 /* PBXContainerItemProxy */;
		};
/* End PBXTargetDependency section */

/* Begin XCBuildConfiguration section */
		101D2F881EA968230074D807 /* Debug */ = {
			isa = XCBuildConfiguration;
			buildSettings = {
				ALWAYS_SEARCH_USER_PATHS = NO;
				CLANG_ANALYZER_NONNULL = YES;
				CLANG_ANALYZER_NUMBER_OBJECT_CONVERSION = YES_AGGRESSIVE;
				CLANG_CXX_LANGUAGE_STANDARD = "gnu++0x";
				CLANG_CXX_LIBRARY = "libc++";
				CLANG_ENABLE_MODULES = YES;
				CLANG_ENABLE_OBJC_ARC = YES;
				CLANG_WARN_BOOL_CONVERSION = YES;
				CLANG_WARN_CONSTANT_CONVERSION = YES;
				CLANG_WARN_DIRECT_OBJC_ISA_USAGE = YES_ERROR;
				CLANG_WARN_DOCUMENTATION_COMMENTS = YES;
				CLANG_WARN_EMPTY_BODY = YES;
				CLANG_WARN_ENUM_CONVERSION = YES;
				CLANG_WARN_INFINITE_RECURSION = YES;
				CLANG_WARN_INT_CONVERSION = YES;
				CLANG_WARN_OBJC_ROOT_CLASS = YES_ERROR;
				CLANG_WARN_SUSPICIOUS_MOVE = YES;
				CLANG_WARN_UNREACHABLE_CODE = YES;
				CLANG_WARN__DUPLICATE_METHOD_MATCH = YES;
				"CODE_SIGN_IDENTITY[sdk=iphoneos*]" = "iPhone Developer";
				COPY_PHASE_STRIP = NO;
				DEBUG_INFORMATION_FORMAT = dwarf;
				ENABLE_STRICT_OBJC_MSGSEND = YES;
				ENABLE_TESTABILITY = YES;
				GCC_C_LANGUAGE_STANDARD = gnu99;
				GCC_DYNAMIC_NO_PIC = NO;
				GCC_NO_COMMON_BLOCKS = YES;
				GCC_OPTIMIZATION_LEVEL = 0;
				GCC_PREPROCESSOR_DEFINITIONS = (
					"DEBUG=1",
					"$(inherited)",
				);
				GCC_WARN_64_TO_32_BIT_CONVERSION = YES;
				GCC_WARN_ABOUT_RETURN_TYPE = YES_ERROR;
				GCC_WARN_UNDECLARED_SELECTOR = YES;
				GCC_WARN_UNINITIALIZED_AUTOS = YES_AGGRESSIVE;
				GCC_WARN_UNUSED_FUNCTION = YES;
				GCC_WARN_UNUSED_VARIABLE = YES;
				IPHONEOS_DEPLOYMENT_TARGET = 10.3;
				MTL_ENABLE_DEBUG_INFO = YES;
				ONLY_ACTIVE_ARCH = YES;
				SDKROOT = iphoneos;
				SWIFT_ACTIVE_COMPILATION_CONDITIONS = DEBUG;
				SWIFT_OPTIMIZATION_LEVEL = "-Onone";
				TARGETED_DEVICE_FAMILY = "1,2";
			};
			name = Debug;
		};
		101D2F891EA968230074D807 /* Release */ = {
			isa = XCBuildConfiguration;
			buildSettings = {
				ALWAYS_SEARCH_USER_PATHS = NO;
				CLANG_ANALYZER_NONNULL = YES;
				CLANG_ANALYZER_NUMBER_OBJECT_CONVERSION = YES_AGGRESSIVE;
				CLANG_CXX_LANGUAGE_STANDARD = "gnu++0x";
				CLANG_CXX_LIBRARY = "libc++";
				CLANG_ENABLE_MODULES = YES;
				CLANG_ENABLE_OBJC_ARC = YES;
				CLANG_WARN_BOOL_CONVERSION = YES;
				CLANG_WARN_CONSTANT_CONVERSION = YES;
				CLANG_WARN_DIRECT_OBJC_ISA_USAGE = YES_ERROR;
				CLANG_WARN_DOCUMENTATION_COMMENTS = YES;
				CLANG_WARN_EMPTY_BODY = YES;
				CLANG_WARN_ENUM_CONVERSION = YES;
				CLANG_WARN_INFINITE_RECURSION = YES;
				CLANG_WARN_INT_CONVERSION = YES;
				CLANG_WARN_OBJC_ROOT_CLASS = YES_ERROR;
				CLANG_WARN_SUSPICIOUS_MOVE = YES;
				CLANG_WARN_UNREACHABLE_CODE = YES;
				CLANG_WARN__DUPLICATE_METHOD_MATCH = YES;
				"CODE_SIGN_IDENTITY[sdk=iphoneos*]" = "iPhone Developer";
				COPY_PHASE_STRIP = NO;
				DEBUG_INFORMATION_FORMAT = "dwarf-with-dsym";
				ENABLE_NS_ASSERTIONS = NO;
				ENABLE_STRICT_OBJC_MSGSEND = YES;
				GCC_C_LANGUAGE_STANDARD = gnu99;
				GCC_NO_COMMON_BLOCKS = YES;
				GCC_WARN_64_TO_32_BIT_CONVERSION = YES;
				GCC_WARN_ABOUT_RETURN_TYPE = YES_ERROR;
				GCC_WARN_UNDECLARED_SELECTOR = YES;
				GCC_WARN_UNINITIALIZED_AUTOS = YES_AGGRESSIVE;
				GCC_WARN_UNUSED_FUNCTION = YES;
				GCC_WARN_UNUSED_VARIABLE = YES;
				IPHONEOS_DEPLOYMENT_TARGET = 10.3;
				MTL_ENABLE_DEBUG_INFO = NO;
				SDKROOT = iphoneos;
				SWIFT_OPTIMIZATION_LEVEL = "-Owholemodule";
				TARGETED_DEVICE_FAMILY = "1,2";
				VALIDATE_PRODUCT = YES;
			};
			name = Release;
		};
		101D2F8B1EA968230074D807 /* Debug */ = {
			isa = XCBuildConfiguration;
			baseConfigurationReference = 56DF998DD6BBA1F02CEFEE2E /* Pods-mobile_ios.debug.xcconfig */;
			buildSettings = {
				ASSETCATALOG_COMPILER_APPICON_NAME = AppIcon;
				"CODE_SIGN_IDENTITY[sdk=iphoneos*]" = "iPhone Developer";
				DEVELOPMENT_TEAM = 6494UP82R2;
				INFOPLIST_FILE = mobile_ios/Info.plist;
				IPHONEOS_DEPLOYMENT_TARGET = 10.2;
				LD_RUNPATH_SEARCH_PATHS = "$(inherited) @executable_path/Frameworks";
				PRODUCT_BUNDLE_IDENTIFIER = "Heep.mobile-ios";
				PRODUCT_NAME = "$(TARGET_NAME)";
				SWIFT_OBJC_BRIDGING_HEADER = mobile_ios/BridgingHeader.h;
				SWIFT_VERSION = 3.0;
			};
			name = Debug;
		};
		101D2F8C1EA968230074D807 /* Release */ = {
			isa = XCBuildConfiguration;
			baseConfigurationReference = E4A427428745AEB7A4877647 /* Pods-mobile_ios.release.xcconfig */;
			buildSettings = {
				ASSETCATALOG_COMPILER_APPICON_NAME = AppIcon;
				"CODE_SIGN_IDENTITY[sdk=iphoneos*]" = "iPhone Developer";
				DEVELOPMENT_TEAM = 6494UP82R2;
				INFOPLIST_FILE = mobile_ios/Info.plist;
				IPHONEOS_DEPLOYMENT_TARGET = 10.2;
				LD_RUNPATH_SEARCH_PATHS = "$(inherited) @executable_path/Frameworks";
				PRODUCT_BUNDLE_IDENTIFIER = "Heep.mobile-ios";
				PRODUCT_NAME = "$(TARGET_NAME)";
				SWIFT_OBJC_BRIDGING_HEADER = mobile_ios/BridgingHeader.h;
				SWIFT_VERSION = 3.0;
			};
			name = Release;
		};
		101D2F8E1EA968230074D807 /* Debug */ = {
			isa = XCBuildConfiguration;
			baseConfigurationReference = E1962A9C5DE87696544789AE /* Pods-mobile_iosTests.debug.xcconfig */;
			buildSettings = {
				ALWAYS_EMBED_SWIFT_STANDARD_LIBRARIES = YES;
				BUNDLE_LOADER = "$(TEST_HOST)";
				"CODE_SIGN_IDENTITY[sdk=iphoneos*]" = "iPhone Developer";
				DEVELOPMENT_TEAM = WKVKE7H364;
				INFOPLIST_FILE = mobile_iosTests/Info.plist;
				IPHONEOS_DEPLOYMENT_TARGET = 10.2;
				LD_RUNPATH_SEARCH_PATHS = "$(inherited) @executable_path/Frameworks @loader_path/Frameworks";
				PRODUCT_BUNDLE_IDENTIFIER = "Heep.mobile-iosTests";
				PRODUCT_NAME = "$(TARGET_NAME)";
				SWIFT_VERSION = 3.0;
				TEST_HOST = "$(BUILT_PRODUCTS_DIR)/mobile_ios.app/mobile_ios";
			};
			name = Debug;
		};
		101D2F8F1EA968230074D807 /* Release */ = {
			isa = XCBuildConfiguration;
			baseConfigurationReference = 04FE62370CD9FBCA0A3E91F8 /* Pods-mobile_iosTests.release.xcconfig */;
			buildSettings = {
				ALWAYS_EMBED_SWIFT_STANDARD_LIBRARIES = YES;
				BUNDLE_LOADER = "$(TEST_HOST)";
				"CODE_SIGN_IDENTITY[sdk=iphoneos*]" = "iPhone Developer";
				DEVELOPMENT_TEAM = "";
				INFOPLIST_FILE = mobile_iosTests/Info.plist;
				IPHONEOS_DEPLOYMENT_TARGET = 10.2;
				LD_RUNPATH_SEARCH_PATHS = "$(inherited) @executable_path/Frameworks @loader_path/Frameworks";
				PRODUCT_BUNDLE_IDENTIFIER = "Heep.mobile-iosTests";
				PRODUCT_NAME = "$(TARGET_NAME)";
				SWIFT_VERSION = 3.0;
				TEST_HOST = "$(BUILT_PRODUCTS_DIR)/mobile_ios.app/mobile_ios";
			};
			name = Release;
		};
		101D2F911EA968230074D807 /* Debug */ = {
			isa = XCBuildConfiguration;
			baseConfigurationReference = B7918E77C7C5DB9DEBC8629A /* Pods-mobile_iosUITests.debug.xcconfig */;
			buildSettings = {
				ALWAYS_EMBED_SWIFT_STANDARD_LIBRARIES = YES;
				INFOPLIST_FILE = mobile_iosUITests/Info.plist;
				IPHONEOS_DEPLOYMENT_TARGET = 10.2;
				LD_RUNPATH_SEARCH_PATHS = "$(inherited) @executable_path/Frameworks @loader_path/Frameworks";
				PRODUCT_BUNDLE_IDENTIFIER = "Heep.mobile-iosUITests";
				PRODUCT_NAME = "$(TARGET_NAME)";
				SWIFT_VERSION = 3.0;
				TEST_TARGET_NAME = mobile_ios;
			};
			name = Debug;
		};
		101D2F921EA968230074D807 /* Release */ = {
			isa = XCBuildConfiguration;
			baseConfigurationReference = 76BE85D99FD14F073F5556A1 /* Pods-mobile_iosUITests.release.xcconfig */;
			buildSettings = {
				ALWAYS_EMBED_SWIFT_STANDARD_LIBRARIES = YES;
				INFOPLIST_FILE = mobile_iosUITests/Info.plist;
				IPHONEOS_DEPLOYMENT_TARGET = 10.2;
				LD_RUNPATH_SEARCH_PATHS = "$(inherited) @executable_path/Frameworks @loader_path/Frameworks";
				PRODUCT_BUNDLE_IDENTIFIER = "Heep.mobile-iosUITests";
				PRODUCT_NAME = "$(TARGET_NAME)";
				SWIFT_VERSION = 3.0;
				TEST_TARGET_NAME = mobile_ios;
			};
			name = Release;
		};
/* End XCBuildConfiguration section */

/* Begin XCConfigurationList section */
		101D2F5A1EA968230074D807 /* Build configuration list for PBXProject "mobile_ios" */ = {
			isa = XCConfigurationList;
			buildConfigurations = (
				101D2F881EA968230074D807 /* Debug */,
				101D2F891EA968230074D807 /* Release */,
			);
			defaultConfigurationIsVisible = 0;
			defaultConfigurationName = Release;
		};
		101D2F8A1EA968230074D807 /* Build configuration list for PBXNativeTarget "mobile_ios" */ = {
			isa = XCConfigurationList;
			buildConfigurations = (
				101D2F8B1EA968230074D807 /* Debug */,
				101D2F8C1EA968230074D807 /* Release */,
			);
			defaultConfigurationIsVisible = 0;
			defaultConfigurationName = Release;
		};
		101D2F8D1EA968230074D807 /* Build configuration list for PBXNativeTarget "mobile_iosTests" */ = {
			isa = XCConfigurationList;
			buildConfigurations = (
				101D2F8E1EA968230074D807 /* Debug */,
				101D2F8F1EA968230074D807 /* Release */,
			);
			defaultConfigurationIsVisible = 0;
			defaultConfigurationName = Release;
		};
		101D2F901EA968230074D807 /* Build configuration list for PBXNativeTarget "mobile_iosUITests" */ = {
			isa = XCConfigurationList;
			buildConfigurations = (
				101D2F911EA968230074D807 /* Debug */,
				101D2F921EA968230074D807 /* Release */,
			);
			defaultConfigurationIsVisible = 0;
			defaultConfigurationName = Release;
		};
/* End XCConfigurationList section */

/* Begin XCVersionGroup section */
		101D2F691EA968230074D807 /* mobile_ios.xcdatamodeld */ = {
			isa = XCVersionGroup;
			children = (
				101D2F6A1EA968230074D807 /* mobile_ios.xcdatamodel */,
			);
			currentVersion = 101D2F6A1EA968230074D807 /* mobile_ios.xcdatamodel */;
			path = mobile_ios.xcdatamodeld;
			sourceTree = "<group>";
			versionGroupType = wrapper.xcdatamodel;
		};
/* End XCVersionGroup section */
	};
	rootObject = 101D2F571EA968230074D807 /* Project object */;
}
